
Microsoft Visual Studio Solution File, Format Version 12.00
# Visual Studio 2013
VisualStudioVersion = 12.0.21005.1
MinimumVisualStudioVersion = 10.0.40219.1
Project("{8BC9CEB8-8B4A-11D0-8D11-00A0C91BC942}") = "3.11（排序）", "3.11（排序）\3.11（排序）.vcxproj", "{83CED1BB-6206-4250-AF0A-D4C554FE1E3C}"
EndProject
Global
	GlobalSection(SolutionConfigurationPlatforms) = preSolution
		Debug|Win32 = Debug|Win32
		Release|Win32 = Release|Win32
	EndGlobalSection
	GlobalSection(ProjectConfigurationPlatforms) = postSolution
		{83CED1BB-6206-4250-AF0A-D4C554FE1E3C}.Debug|Win32.ActiveCfg = Debug|Win32
		{83CED1BB-6206-4250-AF0A-D4C554FE1E3C}.Debug|Win32.Build.0 = Debug|Win32
		{83CED1BB-6206-4250-AF0A-D4C554FE1E3C}.Release|Win32.ActiveCfg = Release|Win32
		{83CED1BB-6206-4250-AF0A-D4C554FE1E3C}.Release|Win32.Build.0 = Release|Win32
	EndGlobalSection
	GlobalSection(SolutionProperties) = preSolution
		HideSolutionNode = FALSE
	EndGlobalSection
EndGlobal
