
Microsoft Visual Studio Solution File, Format Version 12.00
# Visual Studio 2013
VisualStudioVersion = 12.0.21005.1
MinimumVisualStudioVersion = 10.0.40219.1
Project("{8BC9CEB8-8B4A-11D0-8D11-00A0C91BC942}") = "静态成员与静态成员函数", "静态成员与静态成员函数\静态成员与静态成员函数.vcxproj", "{F9718376-6929-4CE2-8A54-81F2C3350A81}"
EndProject
Global
	GlobalSection(SolutionConfigurationPlatforms) = preSolution
		Debug|Win32 = Debug|Win32
		Release|Win32 = Release|Win32
	EndGlobalSection
	GlobalSection(ProjectConfigurationPlatforms) = postSolution
		{F9718376-6929-4CE2-8A54-81F2C3350A81}.Debug|Win32.ActiveCfg = Debug|Win32
		{F9718376-6929-4CE2-8A54-81F2C3350A81}.Debug|Win32.Build.0 = Debug|Win32
		{F9718376-6929-4CE2-8A54-81F2C3350A81}.Release|Win32.ActiveCfg = Release|Win32
		{F9718376-6929-4CE2-8A54-81F2C3350A81}.Release|Win32.Build.0 = Release|Win32
	EndGlobalSection
	GlobalSection(SolutionProperties) = preSolution
		HideSolutionNode = FALSE
	EndGlobalSection
EndGlobal
