
Microsoft Visual Studio Solution File, Format Version 12.00
# Visual Studio 2013
VisualStudioVersion = 12.0.21005.1
MinimumVisualStudioVersion = 10.0.40219.1
Project("{8BC9CEB8-8B4A-11D0-8D11-00A0C91BC942}") = "1.1.2", "1.1.2\1.1.2.vcxproj", "{5419FD31-1577-49C3-8475-530FA9A54A53}"
EndProject
Global
	GlobalSection(SolutionConfigurationPlatforms) = preSolution
		Debug|Win32 = Debug|Win32
		Release|Win32 = Release|Win32
	EndGlobalSection
	GlobalSection(ProjectConfigurationPlatforms) = postSolution
		{5419FD31-1577-49C3-8475-530FA9A54A53}.Debug|Win32.ActiveCfg = Debug|Win32
		{5419FD31-1577-49C3-8475-530FA9A54A53}.Debug|Win32.Build.0 = Debug|Win32
		{5419FD31-1577-49C3-8475-530FA9A54A53}.Release|Win32.ActiveCfg = Release|Win32
		{5419FD31-1577-49C3-8475-530FA9A54A53}.Release|Win32.Build.0 = Release|Win32
	EndGlobalSection
	GlobalSection(SolutionProperties) = preSolution
		HideSolutionNode = FALSE
	EndGlobalSection
EndGlobal
